
Microsoft Visual Studio Solution File, Format Version 12.00
# Visual Studio Version 17
VisualStudioVersion = 17.3.32901.215
MinimumVisualStudioVersion = 10.0.40219.1
Project("{FAE04EC0-301F-11D3-BF4B-00C04F79EFBC}") = "BilietavimoSistema", "BilietavimoSistema\BilietavimoSistema.csproj", "{4B669D08-C17C-4948-A3D9-E4BABDCF4190}"
EndProject
Global
	GlobalSection(SolutionConfigurationPlatforms) = preSolution
		Debug|Any CPU = Debug|Any CPU
		Release|Any CPU = Release|Any CPU
	EndGlobalSection
	GlobalSection(ProjectConfigurationPlatforms) = postSolution
		{4B669D08-C17C-4948-A3D9-E4BABDCF4190}.Debug|Any CPU.ActiveCfg = Debug|Any CPU
		{4B669D08-C17C-4948-A3D9-E4BABDCF4190}.Debug|Any CPU.Build.0 = Debug|Any CPU
		{4B669D08-C17C-4948-A3D9-E4BABDCF4190}.Release|Any CPU.ActiveCfg = Release|Any CPU
		{4B669D08-C17C-4948-A3D9-E4BABDCF4190}.Release|Any CPU.Build.0 = Release|Any CPU
	EndGlobalSection
	GlobalSection(SolutionProperties) = preSolution
		HideSolutionNode = FALSE
	EndGlobalSection
	GlobalSection(ExtensibilityGlobals) = postSolution
		SolutionGuid = {EB5DB056-20D6-4382-9443-3DF2E3A787CB}
	EndGlobalSection
EndGlobal
